
Microsoft Visual Studio Solution File, Format Version 12.00
# Visual Studio Version 17
VisualStudioVersion = 17.14.36401.2
MinimumVisualStudioVersion = 10.0.40219.1
Project("{FAE04EC0-301F-11D3-BF4B-00C04F79EFBC}") = "sztf2.Orokles", "sztf2.Orokles\sztf2.Orokles.csproj", "{886A1E07-4FE7-4713-91D7-AF7713A55920}"
EndProject
Project("{FAE04EC0-301F-11D3-BF4B-00C04F79EFBC}") = "sztf2.Interfeszek", "sztf2.Interfeszek\sztf2.Interfeszek.csproj", "{F4D5D4D7-C64A-4FF8-8B76-2B1FC51CA727}"
EndProject
Project("{FAE04EC0-301F-11D3-BF4B-00C04F79EFBC}") = "sztf2.DelegatesEvents", "sztf2.DelegatesEvents\sztf2.DelegatesEvents.csproj", "{D2B6C2BA-42FD-4355-9043-6B6BD3AC0CF8}"
EndProject
Global
	GlobalSection(SolutionConfigurationPlatforms) = preSolution
		Debug|Any CPU = Debug|Any CPU
		Release|Any CPU = Release|Any CPU
	EndGlobalSection
	GlobalSection(ProjectConfigurationPlatforms) = postSolution
		{886A1E07-4FE7-4713-91D7-AF7713A55920}.Debug|Any CPU.ActiveCfg = Debug|Any CPU
		{886A1E07-4FE7-4713-91D7-AF7713A55920}.Debug|Any CPU.Build.0 = Debug|Any CPU
		{886A1E07-4FE7-4713-91D7-AF7713A55920}.Release|Any CPU.ActiveCfg = Release|Any CPU
		{886A1E07-4FE7-4713-91D7-AF7713A55920}.Release|Any CPU.Build.0 = Release|Any CPU
		{F4D5D4D7-C64A-4FF8-8B76-2B1FC51CA727}.Debug|Any CPU.ActiveCfg = Debug|Any CPU
		{F4D5D4D7-C64A-4FF8-8B76-2B1FC51CA727}.Debug|Any CPU.Build.0 = Debug|Any CPU
		{F4D5D4D7-C64A-4FF8-8B76-2B1FC51CA727}.Release|Any CPU.ActiveCfg = Release|Any CPU
		{F4D5D4D7-C64A-4FF8-8B76-2B1FC51CA727}.Release|Any CPU.Build.0 = Release|Any CPU
		{D2B6C2BA-42FD-4355-9043-6B6BD3AC0CF8}.Debug|Any CPU.ActiveCfg = Debug|Any CPU
		{D2B6C2BA-42FD-4355-9043-6B6BD3AC0CF8}.Debug|Any CPU.Build.0 = Debug|Any CPU
		{D2B6C2BA-42FD-4355-9043-6B6BD3AC0CF8}.Release|Any CPU.ActiveCfg = Release|Any CPU
		{D2B6C2BA-42FD-4355-9043-6B6BD3AC0CF8}.Release|Any CPU.Build.0 = Release|Any CPU
	EndGlobalSection
	GlobalSection(SolutionProperties) = preSolution
		HideSolutionNode = FALSE
	EndGlobalSection
	GlobalSection(ExtensibilityGlobals) = postSolution
		SolutionGuid = {EE5B8B9F-363B-4DEA-9EDA-8C302D32C49F}
	EndGlobalSection
EndGlobal
